
Microsoft Visual Studio Solution File, Format Version 12.00
# Visual Studio Version 17
VisualStudioVersion = 17.11.35303.130
MinimumVisualStudioVersion = 10.0.40219.1
Project("{9A19103F-16F7-4668-BE54-9A1E7A4F7556}") = "E-Commerce", "E-Commerce\E-Commerce.csproj", "{C76855D7-0EED-4C74-A0E4-B99E1EE40009}"
EndProject
Global
	GlobalSection(SolutionConfigurationPlatforms) = preSolution
		Debug|Any CPU = Debug|Any CPU
		Release|Any CPU = Release|Any CPU
	EndGlobalSection
	GlobalSection(ProjectConfigurationPlatforms) = postSolution
		{C76855D7-0EED-4C74-A0E4-B99E1EE40009}.Debug|Any CPU.ActiveCfg = Debug|Any CPU
		{C76855D7-0EED-4C74-A0E4-B99E1EE40009}.Debug|Any CPU.Build.0 = Debug|Any CPU
		{C76855D7-0EED-4C74-A0E4-B99E1EE40009}.Release|Any CPU.ActiveCfg = Release|Any CPU
		{C76855D7-0EED-4C74-A0E4-B99E1EE40009}.Release|Any CPU.Build.0 = Release|Any CPU
	EndGlobalSection
	GlobalSection(SolutionProperties) = preSolution
		HideSolutionNode = FALSE
	EndGlobalSection
	GlobalSection(ExtensibilityGlobals) = postSolution
		SolutionGuid = {2D4DA6AB-96F5-401C-B529-887FF835EDBE}
	EndGlobalSection
EndGlobal
